{
  "name": "termexo",
  "version": "0.3.6",
  "lockfileVersion": 3,
  "requires": true,
  "packages": {
    "": {
      "name": "termexo",
      "version": "0.3.6",
      "license": "UNLICENSED",
      "os": [
        "win32"
      ],
      "bin": {
        "termexo": "bin/termexo.js"
      },
      "engines": {
        "node": ">=18.18.0"
      }
    }
  }
}
